
Microsoft Visual Studio Solution File, Format Version 12.00
# Visual Studio 15
VisualStudioVersion = 15.0.26228.4
MinimumVisualStudioVersion = 10.0.40219.1
Project("{FAE04EC0-301F-11D3-BF4B-00C04F79EFBC}") = "SmartShopperApplication", "SmartShopperApplication\SmartShopperApplication.csproj", "{FDFA07B7-D565-4669-8F1E-FCCE5F3A8D57}"
EndProject
Project("{FAE04EC0-301F-11D3-BF4B-00C04F79EFBC}") = "SmartShopperAppDAL", "SmartShopperAppDAL\SmartShopperAppDAL.csproj", "{A732064D-BB3E-483E-B5CB-D10ED30A1794}"
EndProject
Global
	GlobalSection(SolutionConfigurationPlatforms) = preSolution
		Debug|Any CPU = Debug|Any CPU
		Release|Any CPU = Release|Any CPU
	EndGlobalSection
	GlobalSection(ProjectConfigurationPlatforms) = postSolution
		{FDFA07B7-D565-4669-8F1E-FCCE5F3A8D57}.Debug|Any CPU.ActiveCfg = Debug|Any CPU
		{FDFA07B7-D565-4669-8F1E-FCCE5F3A8D57}.Debug|Any CPU.Build.0 = Debug|Any CPU
		{FDFA07B7-D565-4669-8F1E-FCCE5F3A8D57}.Release|Any CPU.ActiveCfg = Release|Any CPU
		{FDFA07B7-D565-4669-8F1E-FCCE5F3A8D57}.Release|Any CPU.Build.0 = Release|Any CPU
		{A732064D-BB3E-483E-B5CB-D10ED30A1794}.Debug|Any CPU.ActiveCfg = Debug|Any CPU
		{A732064D-BB3E-483E-B5CB-D10ED30A1794}.Debug|Any CPU.Build.0 = Debug|Any CPU
		{A732064D-BB3E-483E-B5CB-D10ED30A1794}.Release|Any CPU.ActiveCfg = Release|Any CPU
		{A732064D-BB3E-483E-B5CB-D10ED30A1794}.Release|Any CPU.Build.0 = Release|Any CPU
	EndGlobalSection
	GlobalSection(SolutionProperties) = preSolution
		HideSolutionNode = FALSE
	EndGlobalSection
EndGlobal
